
Microsoft Visual Studio Solution File, Format Version 12.00
# Visual Studio Version 17
VisualStudioVersion = 17.1.32210.238
MinimumVisualStudioVersion = 10.0.40219.1
Project("{FAE04EC0-301F-11D3-BF4B-00C04F79EFBC}") = "UniTaskSystem", "UniTaskSystem\UniTaskSystem.csproj", "{07FBF3C9-ADBF-43E7-A366-935B6821940E}"
EndProject
Global
	GlobalSection(SolutionConfigurationPlatforms) = preSolution
		Debug|Any CPU = Debug|Any CPU
		Release|Any CPU = Release|Any CPU
	EndGlobalSection
	GlobalSection(ProjectConfigurationPlatforms) = postSolution
		{07FBF3C9-ADBF-43E7-A366-935B6821940E}.Debug|Any CPU.ActiveCfg = Debug|Any CPU
		{07FBF3C9-ADBF-43E7-A366-935B6821940E}.Debug|Any CPU.Build.0 = Debug|Any CPU
		{07FBF3C9-ADBF-43E7-A366-935B6821940E}.Release|Any CPU.ActiveCfg = Release|Any CPU
		{07FBF3C9-ADBF-43E7-A366-935B6821940E}.Release|Any CPU.Build.0 = Release|Any CPU
	EndGlobalSection
	GlobalSection(SolutionProperties) = preSolution
		HideSolutionNode = FALSE
	EndGlobalSection
	GlobalSection(ExtensibilityGlobals) = postSolution
		SolutionGuid = {BB0CB5B8-94CD-4371-ADA8-DC1D0FF44374}
	EndGlobalSection
EndGlobal
